
Microsoft Visual Studio Solution File, Format Version 12.00
# Visual Studio Version 17
VisualStudioVersion = 17.10.34916.146
MinimumVisualStudioVersion = 10.0.40219.1
Project("{FAE04EC0-301F-11D3-BF4B-00C04F79EFBC}") = "Pritra console App", "Pritra console App.csproj", "{2418900D-1DD5-4730-80B3-2E192E6F5935}"
EndProject
Global
	GlobalSection(SolutionConfigurationPlatforms) = preSolution
		Debug|Any CPU = Debug|Any CPU
		Release|Any CPU = Release|Any CPU
	EndGlobalSection
	GlobalSection(ProjectConfigurationPlatforms) = postSolution
		{2418900D-1DD5-4730-80B3-2E192E6F5935}.Debug|Any CPU.ActiveCfg = Debug|Any CPU
		{2418900D-1DD5-4730-80B3-2E192E6F5935}.Debug|Any CPU.Build.0 = Debug|Any CPU
		{2418900D-1DD5-4730-80B3-2E192E6F5935}.Release|Any CPU.ActiveCfg = Release|Any CPU
		{2418900D-1DD5-4730-80B3-2E192E6F5935}.Release|Any CPU.Build.0 = Release|Any CPU
	EndGlobalSection
	GlobalSection(SolutionProperties) = preSolution
		HideSolutionNode = FALSE
	EndGlobalSection
	GlobalSection(ExtensibilityGlobals) = postSolution
		SolutionGuid = {3BED5449-BD53-47A2-93ED-64C6CD1322D8}
	EndGlobalSection
EndGlobal
